#MicroXplorer Configuration settings - do not modify
ADC1.Channel-17\#ChannelRegularConversion=ADC_CHANNEL_9
ADC1.IPParameters=Rank-17\#ChannelRegularConversion,Channel-17\#ChannelRegularConversion,SamplingTime-17\#ChannelRegularConversion,NbrOfConversionFlag,master
ADC1.NbrOfConversionFlag=1
ADC1.Rank-17\#ChannelRegularConversion=1
ADC1.SamplingTime-17\#ChannelRegularConversion=ADC_SAMPLETIME_3CYCLES
ADC1.master=1
Dma.Request0=SPI2_TX
Dma.Request1=SPI1_TX
Dma.RequestsNb=2
Dma.SPI1_TX.1.Direction=DMA_MEMORY_TO_PERIPH
Dma.SPI1_TX.1.FIFOMode=DMA_FIFOMODE_DISABLE
Dma.SPI1_TX.1.Instance=DMA2_Stream2
Dma.SPI1_TX.1.MemDataAlignment=DMA_MDATAALIGN_BYTE
Dma.SPI1_TX.1.MemInc=DMA_MINC_ENABLE
Dma.SPI1_TX.1.Mode=DMA_NORMAL
Dma.SPI1_TX.1.PeriphDataAlignment=DMA_PDATAALIGN_BYTE
Dma.SPI1_TX.1.PeriphInc=DMA_PINC_DISABLE
Dma.SPI1_TX.1.Priority=DMA_PRIORITY_LOW
Dma.SPI1_TX.1.RequestParameters=Instance,Direction,PeriphInc,MemInc,PeriphDataAlignment,MemDataAlignment,Mode,Priority,FIFOMode
Dma.SPI2_TX.0.Direction=DMA_MEMORY_TO_PERIPH
Dma.SPI2_TX.0.FIFOMode=DMA_FIFOMODE_DISABLE
Dma.SPI2_TX.0.Instance=DMA1_Stream4
Dma.SPI2_TX.0.MemDataAlignment=DMA_MDATAALIGN_HALFWORD
Dma.SPI2_TX.0.MemInc=DMA_MINC_ENABLE
Dma.SPI2_TX.0.Mode=DMA_NORMAL
Dma.SPI2_TX.0.PeriphDataAlignment=DMA_PDATAALIGN_HALFWORD
Dma.SPI2_TX.0.PeriphInc=DMA_PINC_DISABLE
Dma.SPI2_TX.0.Priority=DMA_PRIORITY_LOW
Dma.SPI2_TX.0.RequestParameters=Instance,Direction,PeriphInc,MemInc,PeriphDataAlignment,MemDataAlignment,Mode,Priority,FIFOMode
File.Version=6
KeepUserPlacement=false
Mcu.Family=STM32F4
Mcu.IP0=ADC1
Mcu.IP1=DMA
Mcu.IP2=I2C1
Mcu.IP3=IWDG
Mcu.IP4=NVIC
Mcu.IP5=RCC
Mcu.IP6=SPI1
Mcu.IP7=SPI2
Mcu.IP8=SYS
Mcu.IP9=TIM9
Mcu.IPNb=10
Mcu.Name=STM32F411C(C-E)Ux
Mcu.Package=UFQFPN48
Mcu.Pin0=PC13-ANTI_TAMP
Mcu.Pin1=PC15-OSC32_OUT
Mcu.Pin10=PA7
Mcu.Pin11=PB0
Mcu.Pin12=PB1
Mcu.Pin13=PB12
Mcu.Pin14=PB13
Mcu.Pin15=PB14
Mcu.Pin16=PB15
Mcu.Pin17=PA8
Mcu.Pin18=PA9
Mcu.Pin19=PA10
Mcu.Pin2=PH0 - OSC_IN
Mcu.Pin20=PA11
Mcu.Pin21=PA12
Mcu.Pin22=PA13
Mcu.Pin23=PA14
Mcu.Pin24=PB8
Mcu.Pin25=PB9
Mcu.Pin26=VP_IWDG_VS_IWDG
Mcu.Pin27=VP_SYS_VS_Systick
Mcu.Pin28=VP_TIM9_VS_ControllerModeClock
Mcu.Pin29=VP_TIM9_VS_ClockSourceITR
Mcu.Pin3=PH1 - OSC_OUT
Mcu.Pin4=PA0-WKUP
Mcu.Pin5=PA1
Mcu.Pin6=PA2
Mcu.Pin7=PA4
Mcu.Pin8=PA5
Mcu.Pin9=PA6
Mcu.PinsNb=30
Mcu.UserConstants=
Mcu.UserName=STM32F411CEUx
MxCube.Version=4.15.1
MxDb.Version=DB.4.0.151
NVIC.BusFault_IRQn=true\:0\:0\:false\:false\:true
NVIC.DMA1_Stream4_IRQn=true\:0\:0\:false\:false\:true
NVIC.DMA2_Stream2_IRQn=true\:0\:0\:false\:false\:true
NVIC.DebugMonitor_IRQn=true\:0\:0\:false\:false\:true
NVIC.EXTI15_10_IRQn=true\:0\:0\:false\:false\:true
NVIC.HardFault_IRQn=true\:0\:0\:false\:false\:true
NVIC.MemoryManagement_IRQn=true\:0\:0\:false\:false\:true
NVIC.NonMaskableInt_IRQn=true\:0\:0\:false\:false\:true
NVIC.PendSV_IRQn=true\:0\:0\:false\:false\:true
NVIC.PriorityGroup=NVIC_PRIORITYGROUP_4
NVIC.SVCall_IRQn=true\:0\:0\:false\:false\:true
NVIC.SysTick_IRQn=true\:0\:0\:false\:false\:true
NVIC.UsageFault_IRQn=true\:0\:0\:false\:false\:true
PA0-WKUP.GPIOParameters=GPIO_Label
PA0-WKUP.GPIO_Label=ESP_GPIO2
PA0-WKUP.Locked=true
PA0-WKUP.Signal=GPIO_Output
PA1.GPIOParameters=GPIO_Label
PA1.GPIO_Label=ESP_GPIO0
PA1.Locked=true
PA1.Signal=GPIO_Output
PA10.GPIOParameters=GPIO_Label
PA10.GPIO_Label=PGOOD
PA10.Locked=true
PA10.Signal=GPIO_Input
PA11.GPIOParameters=GPIO_Label
PA11.GPIO_Label=STBY
PA11.Locked=true
PA11.Signal=GPIO_Output
PA12.Locked=true
PA12.Signal=GPXTI12
PA13.Mode=Serial_Wire
PA13.Signal=SYS_JTMS-SWDIO
PA14.Mode=Serial_Wire
PA14.Signal=SYS_JTCK-SWCLK
PA2.GPIOParameters=GPIO_Label
PA2.GPIO_Label=LED_PWM
PA2.Signal=S_TIM9_CH1
PA4.Mode=NSS_Signal_Hard_Output
PA4.Signal=SPI1_NSS
PA5.Mode=TX_Only_Simplex_Unidirect_Master
PA5.Signal=SPI1_SCK
PA6.GPIOParameters=GPIO_Label
PA6.GPIO_Label=SYSTEM_LED
PA6.Locked=true
PA6.Signal=GPIO_Output
PA7.Mode=TX_Only_Simplex_Unidirect_Master
PA7.Signal=SPI1_MOSI
PA8.GPIOParameters=GPIO_Label
PA8.GPIO_Label=LEPTON_PWDOWN
PA8.Locked=true
PA8.Signal=GPIO_Output
PA9.GPIOParameters=GPIO_Label
PA9.GPIO_Label=LEPTON_RESET
PA9.Locked=true
PA9.Signal=GPIO_Output
PB0.GPIOParameters=GPIO_Label
PB0.GPIO_Label=PB_STAT
PB0.Locked=true
PB0.Signal=GPIO_Input
PB1.Locked=true
PB1.Signal=ADCx_IN9
PB12.Mode=NSS_Signal_Hard_Output
PB12.Signal=SPI2_NSS
PB13.Locked=true
PB13.Mode=Full_Duplex_Master
PB13.Signal=SPI2_SCK
PB14.Mode=Full_Duplex_Master
PB14.Signal=SPI2_MISO
PB15.Mode=Full_Duplex_Master
PB15.Signal=SPI2_MOSI
PB8.Locked=true
PB8.Mode=I2C
PB8.Signal=I2C1_SCL
PB9.Locked=true
PB9.Mode=I2C
PB9.Signal=I2C1_SDA
PC13-ANTI_TAMP.GPIOParameters=GPIO_Label
PC13-ANTI_TAMP.GPIO_Label=LEPTON_GPIO3
PC13-ANTI_TAMP.Locked=true
PC13-ANTI_TAMP.Signal=GPIO_Output
PC15-OSC32_OUT.GPIOParameters=GPIO_Label
PC15-OSC32_OUT.GPIO_Label=LCD_DC
PC15-OSC32_OUT.Locked=true
PC15-OSC32_OUT.Signal=GPIO_Output
PCC.Checker=false
PCC.Line=STM32F411
PCC.MCU=STM32F411C(C-E)Ux
PCC.MXVersion=4.15.1
PCC.PartNumber=STM32F411CEUx
PCC.Seq0=0
PCC.Series=STM32F4
PCC.Temperature=25
PCC.Vdd=null
PH0\ -\ OSC_IN.Mode=HSE-External-Oscillator
PH0\ -\ OSC_IN.Signal=RCC_OSC_IN
PH1\ -\ OSC_OUT.Mode=HSE-External-Oscillator
PH1\ -\ OSC_OUT.Signal=RCC_OSC_OUT
ProjectManager.AskForMigrate=true
ProjectManager.BackupPrevious=false
ProjectManager.CompilerOptimize=2
ProjectManager.ComputerToolchain=false
ProjectManager.CoupleFile=false
ProjectManager.DeletePrevious=true
ProjectManager.DeviceId=STM32F411CEUx
ProjectManager.FirmwarePackage=STM32Cube FW_F4 V1.12.0
ProjectManager.FreePins=false
ProjectManager.HalAssertFull=false
ProjectManager.HeapSize=0x200
ProjectManager.KeepUserCode=true
ProjectManager.LastFirmware=true
ProjectManager.LibraryCopy=0
ProjectManager.PreviousToolchain=
ProjectManager.ProjectBuild=false
ProjectManager.ProjectFileName=F411v2.ioc
ProjectManager.ProjectName=F411v2
ProjectManager.StackSize=0x400
ProjectManager.TargetToolchain=MDK-ARM V5
ProjectManager.ToolChainLocation=C\:\\Users\\ZengMaolin\\Desktop\\Flir F4\\\u65B0\u5EFA\u6587\u4EF6\u5939
ProjectManager.UnderRoot=false
ProjectManager.functionlistsort=1-MX_GPIO_Init-GPIO-false,2-MX_DMA_Init-DMA-false,3-MX_ADC1_Init-ADC1-false,4-MX_I2C1_Init-I2C1-false,5-MX_IWDG_Init-IWDG-false,6-MX_SPI1_Init-SPI1-false,7-MX_SPI2_Init-SPI2-false,8-MX_TIM9_Init-TIM9-false
RCC.48MHZClocksFreq_Value=26000000
RCC.AHBCLKDivider=RCC_SYSCLK_DIV2
RCC.AHBFreq_Value=26000000
RCC.APB1Freq_Value=26000000
RCC.APB1TimFreq_Value=26000000
RCC.APB2Freq_Value=26000000
RCC.APB2TimFreq_Value=26000000
RCC.CortexFreq_Value=26000000
RCC.EthernetFreq_Value=52000000
RCC.FCLKCortexFreq_Value=26000000
RCC.FamilyName=M
RCC.HCLKFreq_Value=26000000
RCC.HSE_VALUE=8000000
RCC.HSI_VALUE=16000000
RCC.I2SClocksFreq_Value=48000000
RCC.IPParameters=48MHZClocksFreq_Value,AHBCLKDivider,AHBFreq_Value,APB1Freq_Value,APB1TimFreq_Value,APB2Freq_Value,APB2TimFreq_Value,CortexFreq_Value,EthernetFreq_Value,FCLKCortexFreq_Value,FamilyName,HCLKFreq_Value,HSE_VALUE,HSI_VALUE,I2SClocksFreq_Value,LSE_VALUE,LSI_VALUE,PLLCLKFreq_Value,PLLM,PLLN,PLLQCLKFreq_Value,PLLSourceVirtual,RTCFreq_Value,RTCHSEDivFreq_Value,SYSCLKFreq_VALUE,SYSCLKSource,VCOI2SOutputFreq_Value,VCOInputFreq_Value,VCOInputMFreq_Value,VCOOutputFreq_Value,VcooutputI2S
RCC.LSE_VALUE=32768
RCC.LSI_VALUE=32000
RCC.PLLCLKFreq_Value=52000000
RCC.PLLM=4
RCC.PLLN=52
RCC.PLLQCLKFreq_Value=26000000
RCC.PLLSourceVirtual=RCC_PLLSOURCE_HSE
RCC.RTCFreq_Value=32000
RCC.RTCHSEDivFreq_Value=4000000
RCC.SYSCLKFreq_VALUE=52000000
RCC.SYSCLKSource=RCC_SYSCLKSOURCE_PLLCLK
RCC.VCOI2SOutputFreq_Value=96000000
RCC.VCOInputFreq_Value=2000000
RCC.VCOInputMFreq_Value=500000
RCC.VCOOutputFreq_Value=104000000
RCC.VcooutputI2S=48000000
SH.ADCx_IN9.0=ADC1_IN9,IN9
SH.ADCx_IN9.ConfNb=1
SH.GPXTI12.0=GPIO_EXTI12
SH.GPXTI12.ConfNb=1
SH.S_TIM9_CH1.0=TIM9_CH1,PWM Generation1 CH1
SH.S_TIM9_CH1.ConfNb=1
SPI1.CalculateBaudRate=13.0 MBits/s
SPI1.IPParameters=Mode,CalculateBaudRate,VirtualNSS
SPI1.Mode=SPI_MODE_MASTER
SPI1.VirtualNSS=VM_NSSHARD
SPI2.CLKPhase=SPI_PHASE_2EDGE
SPI2.CLKPolarity=SPI_POLARITY_HIGH
SPI2.CalculateBaudRate=13.0 MBits/s
SPI2.DataSize=SPI_DATASIZE_16BIT
SPI2.IPParameters=Mode,CalculateBaudRate,VirtualNSS,CLKPolarity,CLKPhase,DataSize
SPI2.Mode=SPI_MODE_MASTER
SPI2.VirtualNSS=VM_NSSHARD
VP_IWDG_VS_IWDG.Mode=IWDG_Activate
VP_IWDG_VS_IWDG.Signal=IWDG_VS_IWDG
VP_SYS_VS_Systick.Mode=SysTick
VP_SYS_VS_Systick.Signal=SYS_VS_Systick
VP_TIM9_VS_ClockSourceITR.Mode=TriggerSource_ITR0
VP_TIM9_VS_ClockSourceITR.Signal=TIM9_VS_ClockSourceITR
VP_TIM9_VS_ControllerModeClock.Mode=Clock Mode
VP_TIM9_VS_ControllerModeClock.Signal=TIM9_VS_ControllerModeClock
board=F411v2
